
Microsoft Visual Studio Solution File, Format Version 12.00
# Visual Studio Version 17
VisualStudioVersion = 17.14.36401.2
MinimumVisualStudioVersion = 10.0.40219.1
Project("{2150E333-8FDC-42A3-9474-1A3956D46DE8}") = "WPF", "WPF", "{02EA681E-C7D8-13C7-8484-4AC65E1B71E8}"
EndProject
Project("{2150E333-8FDC-42A3-9474-1A3956D46DE8}") = "Prism", "Prism", "{32789216-1C80-41A4-A880-70192605D6D6}"
EndProject
Project("{FAE04EC0-301F-11D3-BF4B-00C04F79EFBC}") = "Navigate", "WPF\Prism\Navigate\Navigate.csproj", "{C0A226F4-5C97-57B0-11A4-EDBD1F220A63}"
EndProject
Project("{FAE04EC0-301F-11D3-BF4B-00C04F79EFBC}") = "NavigateJournal", "WPF\Prism\NavigateJournal\NavigateJournal.csproj", "{A04F7532-DDC6-087B-0E30-3A62F24BD651}"
EndProject
Project("{FAE04EC0-301F-11D3-BF4B-00C04F79EFBC}") = "PrismTemplate", "WPF\Prism\PrismTemplate\PrismTemplate.csproj", "{17C31BB1-37FF-DAF1-8599-994DFAA806F5}"
EndProject
Project("{FAE04EC0-301F-11D3-BF4B-00C04F79EFBC}") = "RegionManager", "WPF\Prism\RegionManager\RegionManager.csproj", "{CCCF965A-1A1E-93CC-C77D-52875F9D1CC8}"
EndProject
Global
	GlobalSection(SolutionConfigurationPlatforms) = preSolution
		Debug|Any CPU = Debug|Any CPU
		Release|Any CPU = Release|Any CPU
	EndGlobalSection
	GlobalSection(ProjectConfigurationPlatforms) = postSolution
		{C0A226F4-5C97-57B0-11A4-EDBD1F220A63}.Debug|Any CPU.ActiveCfg = Debug|Any CPU
		{C0A226F4-5C97-57B0-11A4-EDBD1F220A63}.Debug|Any CPU.Build.0 = Debug|Any CPU
		{C0A226F4-5C97-57B0-11A4-EDBD1F220A63}.Release|Any CPU.ActiveCfg = Release|Any CPU
		{C0A226F4-5C97-57B0-11A4-EDBD1F220A63}.Release|Any CPU.Build.0 = Release|Any CPU
		{A04F7532-DDC6-087B-0E30-3A62F24BD651}.Debug|Any CPU.ActiveCfg = Debug|Any CPU
		{A04F7532-DDC6-087B-0E30-3A62F24BD651}.Debug|Any CPU.Build.0 = Debug|Any CPU
		{A04F7532-DDC6-087B-0E30-3A62F24BD651}.Release|Any CPU.ActiveCfg = Release|Any CPU
		{A04F7532-DDC6-087B-0E30-3A62F24BD651}.Release|Any CPU.Build.0 = Release|Any CPU
		{17C31BB1-37FF-DAF1-8599-994DFAA806F5}.Debug|Any CPU.ActiveCfg = Debug|Any CPU
		{17C31BB1-37FF-DAF1-8599-994DFAA806F5}.Debug|Any CPU.Build.0 = Debug|Any CPU
		{17C31BB1-37FF-DAF1-8599-994DFAA806F5}.Release|Any CPU.ActiveCfg = Release|Any CPU
		{17C31BB1-37FF-DAF1-8599-994DFAA806F5}.Release|Any CPU.Build.0 = Release|Any CPU
		{CCCF965A-1A1E-93CC-C77D-52875F9D1CC8}.Debug|Any CPU.ActiveCfg = Debug|Any CPU
		{CCCF965A-1A1E-93CC-C77D-52875F9D1CC8}.Debug|Any CPU.Build.0 = Debug|Any CPU
		{CCCF965A-1A1E-93CC-C77D-52875F9D1CC8}.Release|Any CPU.ActiveCfg = Release|Any CPU
		{CCCF965A-1A1E-93CC-C77D-52875F9D1CC8}.Release|Any CPU.Build.0 = Release|Any CPU
	EndGlobalSection
	GlobalSection(SolutionProperties) = preSolution
		HideSolutionNode = FALSE
	EndGlobalSection
	GlobalSection(NestedProjects) = preSolution
		{32789216-1C80-41A4-A880-70192605D6D6} = {02EA681E-C7D8-13C7-8484-4AC65E1B71E8}
		{C0A226F4-5C97-57B0-11A4-EDBD1F220A63} = {32789216-1C80-41A4-A880-70192605D6D6}
		{A04F7532-DDC6-087B-0E30-3A62F24BD651} = {32789216-1C80-41A4-A880-70192605D6D6}
		{17C31BB1-37FF-DAF1-8599-994DFAA806F5} = {32789216-1C80-41A4-A880-70192605D6D6}
		{CCCF965A-1A1E-93CC-C77D-52875F9D1CC8} = {32789216-1C80-41A4-A880-70192605D6D6}
	EndGlobalSection
	GlobalSection(ExtensibilityGlobals) = postSolution
		SolutionGuid = {3CB03273-0C93-40C4-9D95-14BFDB053E72}
	EndGlobalSection
EndGlobal
