
Microsoft Visual Studio Solution File, Format Version 12.00
# Visual Studio Version 17
VisualStudioVersion = 17.14.36401.2
MinimumVisualStudioVersion = 10.0.40219.1
Project("{2150E333-8FDC-42A3-9474-1A3956D46DE8}") = "WPF", "WPF", "{02EA681E-C7D8-13C7-8484-4AC65E1B71E8}"
EndProject
Project("{2150E333-8FDC-42A3-9474-1A3956D46DE8}") = "Prism", "Prism", "{32789216-1C80-41A4-A880-70192605D6D6}"
EndProject
Project("{FAE04EC0-301F-11D3-BF4B-00C04F79EFBC}") = "Navigate", "WPF\Prism\Navigate\Navigate.csproj", "{C0A226F4-5C97-57B0-11A4-EDBD1F220A63}"
EndProject
Project("{FAE04EC0-301F-11D3-BF4B-00C04F79EFBC}") = "NavigateJournal", "WPF\Prism\NavigateJournal\NavigateJournal.csproj", "{A04F7532-DDC6-087B-0E30-3A62F24BD651}"
EndProject
Project("{FAE04EC0-301F-11D3-BF4B-00C04F79EFBC}") = "PrismTemplate", "WPF\Prism\PrismTemplate\PrismTemplate.csproj", "{17C31BB1-37FF-DAF1-8599-994DFAA806F5}"
EndProject
Project("{FAE04EC0-301F-11D3-BF4B-00C04F79EFBC}") = "RegionManager", "WPF\Prism\RegionManager\RegionManager.csproj", "{CCCF965A-1A1E-93CC-C77D-52875F9D1CC8}"
EndProject
Project("{FAE04EC0-301F-11D3-BF4B-00C04F79EFBC}") = "Dialog", "WPF\Prism\Dialog\Dialog.csproj", "{329ACE79-D979-BAE8-DD90-17E7C67A3545}"
EndProject
Project("{FAE04EC0-301F-11D3-BF4B-00C04F79EFBC}") = "PubSubEvent", "WPF\Prism\PubSubEvent\PubSubEvent.csproj", "{B9827C2E-DE71-2166-2776-2AD4AF77AEB8}"
EndProject
Project("{2150E333-8FDC-42A3-9474-1A3956D46DE8}") = "Basic", "Basic", "{5013F023-55B1-4DB7-B08E-AD2D887966E3}"
EndProject
Project("{FAE04EC0-301F-11D3-BF4B-00C04F79EFBC}") = "ControlTemplate", "WPF\Basic\ControlTemplate\ControlTemplate.csproj", "{2CECE27F-1971-7ED9-1520-269133B729FD}"
EndProject
Project("{FAE04EC0-301F-11D3-BF4B-00C04F79EFBC}") = "Style", "WPF\Basic\Style\Style.csproj", "{EFB3903F-8C7D-4386-AD35-33FB81B1D495}"
EndProject
Project("{2150E333-8FDC-42A3-9474-1A3956D46DE8}") = "C#", "C#", "{99EBE5BF-F2C7-4AB4-96CD-985D441D716F}"
EndProject
Project("{FAE04EC0-301F-11D3-BF4B-00C04F79EFBC}") = "Delegate", "C#\Delegate\Delegate.csproj", "{9D7440D9-0900-07D8-EA7B-9F6F411AF6C4}"
EndProject
Project("{FAE04EC0-301F-11D3-BF4B-00C04F79EFBC}") = "Event", "C#\Event\Event.csproj", "{E6CCE0E0-B533-4486-A5BD-8F3D074334F8}"
EndProject
Project("{FAE04EC0-301F-11D3-BF4B-00C04F79EFBC}") = "MaterialDesignTemplate", "WPF\MaterialDesign\MaterialDesignTemplate\MaterialDesignTemplate.csproj", "{FDE1D556-C5C5-4FCD-8D80-6FCC635E64C2}"
EndProject
Project("{2150E333-8FDC-42A3-9474-1A3956D46DE8}") = "MaterialDesign", "MaterialDesign", "{B62E63B9-D479-4227-B683-A52A8CF11F84}"
EndProject
Project("{FAE04EC0-301F-11D3-BF4B-00C04F79EFBC}") = "DialogHostDemo", "WPF\MaterialDesign\DialogHostDemo\DialogHostDemo.csproj", "{8F76846B-22E4-4C1B-9567-79939D185D11}"
EndProject
Project("{FAE04EC0-301F-11D3-BF4B-00C04F79EFBC}") = "MaterialDesignMessageBox", "WPF\MaterialDesign\MaterialDesignMessageBox\MaterialDesignMessageBox.csproj", "{F18A84DD-487F-4712-8C4F-03FEFE033885}"
EndProject
Project("{FAE04EC0-301F-11D3-BF4B-00C04F79EFBC}") = "Multithreading", "C#\Multithreading\Multithreading.csproj", "{F069F7A2-F2F3-43D9-8FCC-FE599E613A82}"
EndProject
Project("{FAE04EC0-301F-11D3-BF4B-00C04F79EFBC}") = "AsynchronousProgramming", "C#\AsynchronousProgramming\AsynchronousProgramming.csproj", "{ACEC419C-82F2-4395-BEAD-7C6ADC69B1B0}"
EndProject
Project("{FAE04EC0-301F-11D3-BF4B-00C04F79EFBC}") = "FileOperations", "C#\FileOperations\FileOperations.csproj", "{3C9BA36D-B632-4105-9946-84DE159E0F7F}"
EndProject
Project("{FAE04EC0-301F-11D3-BF4B-00C04F79EFBC}") = "TcpServerDemo", "C#\NetworkProgramming\TcpServer\TcpServerDemo.csproj", "{933E0392-2297-4055-93D4-C7FD6F123F49}"
EndProject
Project("{2150E333-8FDC-42A3-9474-1A3956D46DE8}") = "NetworkProgramming", "NetworkProgramming", "{E81EFD2B-C76B-4FE8-B794-51221148F4A6}"
EndProject
Project("{FAE04EC0-301F-11D3-BF4B-00C04F79EFBC}") = "TcpClientDemo", "C#\NetworkProgramming\TcpClient\TcpClientDemo.csproj", "{779081DF-4E3D-401C-971A-E3CB8350CEB5}"
EndProject
Project("{FAE04EC0-301F-11D3-BF4B-00C04F79EFBC}") = "UdpServerDemo", "C#\NetworkProgramming\UdpServer\UdpServerDemo.csproj", "{F1D2EC47-4506-4286-A08F-870529FA9184}"
EndProject
Project("{FAE04EC0-301F-11D3-BF4B-00C04F79EFBC}") = "UdpClientDemo", "C#\NetworkProgramming\UdpClient\UdpClientDemo.csproj", "{FCCB8B78-EF72-4145-9E7F-9CA72E90D7D2}"
EndProject
Project("{2150E333-8FDC-42A3-9474-1A3956D46DE8}") = "DesignPattern", "DesignPattern", "{5BCDAC86-A5B5-4ED9-9730-54C6406D62C6}"
EndProject
Project("{2150E333-8FDC-42A3-9474-1A3956D46DE8}") = "Behavioral", "Behavioral", "{9470D37E-74CF-4983-A956-C966F49C043B}"
EndProject
Project("{2150E333-8FDC-42A3-9474-1A3956D46DE8}") = "Creational", "Creational", "{72960568-0338-4993-8BB7-BBDDD1FC3A04}"
EndProject
Project("{2150E333-8FDC-42A3-9474-1A3956D46DE8}") = "Structural", "Structural", "{E2FA6993-C4E3-49B1-9503-64D0FA68D0E9}"
EndProject
Project("{FAE04EC0-301F-11D3-BF4B-00C04F79EFBC}") = "SingletonPattern", "DesignPattern\Creational\SingletonPattern\SingletonPattern.csproj", "{40F4DC74-A5BA-C318-267C-FE86CB7E0B2B}"
EndProject
Project("{FAE04EC0-301F-11D3-BF4B-00C04F79EFBC}") = "FactoryPattern", "DesignPattern\Creational\FactoryPattern\FactoryPattern.csproj", "{8C87A67C-09D0-42FF-9227-87B5A88C9EA1}"
EndProject
Project("{FAE04EC0-301F-11D3-BF4B-00C04F79EFBC}") = "BuilderPattern", "DesignPattern\Creational\BuilderPattern\BuilderPattern.csproj", "{3B815C92-0E1F-4000-AAF0-C1D0FC357F0B}"
EndProject
Project("{FAE04EC0-301F-11D3-BF4B-00C04F79EFBC}") = "DecoratorPattern", "DesignPattern\Structural\DecoratorPattern\DecoratorPattern.csproj", "{D1BA98D8-A34E-4EC3-B986-F1CE5E94040B}"
EndProject
Project("{FAE04EC0-301F-11D3-BF4B-00C04F79EFBC}") = "StrategyPattern", "DesignPattern\Behavioral\StrategyPattern\StrategyPattern.csproj", "{83F3FE42-1A35-460B-9718-B239E5516C00}"
EndProject
Project("{FAE04EC0-301F-11D3-BF4B-00C04F79EFBC}") = "ObserverPattern", "DesignPattern\Behavioral\ObserverPattern\ObserverPattern.csproj", "{6CE74CFD-15E9-4E08-9925-7291F7A8A790}"
EndProject
Project("{2150E333-8FDC-42A3-9474-1A3956D46DE8}") = "Database", "Database", "{D489792C-4634-4CA4-B965-C219C4DE51A0}"
EndProject
Project("{FAE04EC0-301F-11D3-BF4B-00C04F79EFBC}") = "ADOdotNETDemo", "C#\Database\ADOdotNETDemo\ADOdotNETDemo.csproj", "{4C83F259-4CFF-4DF3-8781-B782DC3B9283}"
EndProject
Project("{FAE04EC0-301F-11D3-BF4B-00C04F79EFBC}") = "TriggerDemo", "TriggerDemo\TriggerDemo.csproj", "{5F7DDE74-64D0-4722-9D82-6C84253B660E}"
EndProject
Global
	GlobalSection(SolutionConfigurationPlatforms) = preSolution
		Debug|Any CPU = Debug|Any CPU
		Release|Any CPU = Release|Any CPU
	EndGlobalSection
	GlobalSection(ProjectConfigurationPlatforms) = postSolution
		{C0A226F4-5C97-57B0-11A4-EDBD1F220A63}.Debug|Any CPU.ActiveCfg = Debug|Any CPU
		{C0A226F4-5C97-57B0-11A4-EDBD1F220A63}.Debug|Any CPU.Build.0 = Debug|Any CPU
		{C0A226F4-5C97-57B0-11A4-EDBD1F220A63}.Release|Any CPU.ActiveCfg = Release|Any CPU
		{C0A226F4-5C97-57B0-11A4-EDBD1F220A63}.Release|Any CPU.Build.0 = Release|Any CPU
		{A04F7532-DDC6-087B-0E30-3A62F24BD651}.Debug|Any CPU.ActiveCfg = Debug|Any CPU
		{A04F7532-DDC6-087B-0E30-3A62F24BD651}.Debug|Any CPU.Build.0 = Debug|Any CPU
		{A04F7532-DDC6-087B-0E30-3A62F24BD651}.Release|Any CPU.ActiveCfg = Release|Any CPU
		{A04F7532-DDC6-087B-0E30-3A62F24BD651}.Release|Any CPU.Build.0 = Release|Any CPU
		{17C31BB1-37FF-DAF1-8599-994DFAA806F5}.Debug|Any CPU.ActiveCfg = Debug|Any CPU
		{17C31BB1-37FF-DAF1-8599-994DFAA806F5}.Debug|Any CPU.Build.0 = Debug|Any CPU
		{17C31BB1-37FF-DAF1-8599-994DFAA806F5}.Release|Any CPU.ActiveCfg = Release|Any CPU
		{17C31BB1-37FF-DAF1-8599-994DFAA806F5}.Release|Any CPU.Build.0 = Release|Any CPU
		{CCCF965A-1A1E-93CC-C77D-52875F9D1CC8}.Debug|Any CPU.ActiveCfg = Debug|Any CPU
		{CCCF965A-1A1E-93CC-C77D-52875F9D1CC8}.Debug|Any CPU.Build.0 = Debug|Any CPU
		{CCCF965A-1A1E-93CC-C77D-52875F9D1CC8}.Release|Any CPU.ActiveCfg = Release|Any CPU
		{CCCF965A-1A1E-93CC-C77D-52875F9D1CC8}.Release|Any CPU.Build.0 = Release|Any CPU
		{329ACE79-D979-BAE8-DD90-17E7C67A3545}.Debug|Any CPU.ActiveCfg = Debug|Any CPU
		{329ACE79-D979-BAE8-DD90-17E7C67A3545}.Debug|Any CPU.Build.0 = Debug|Any CPU
		{329ACE79-D979-BAE8-DD90-17E7C67A3545}.Release|Any CPU.ActiveCfg = Release|Any CPU
		{329ACE79-D979-BAE8-DD90-17E7C67A3545}.Release|Any CPU.Build.0 = Release|Any CPU
		{B9827C2E-DE71-2166-2776-2AD4AF77AEB8}.Debug|Any CPU.ActiveCfg = Debug|Any CPU
		{B9827C2E-DE71-2166-2776-2AD4AF77AEB8}.Debug|Any CPU.Build.0 = Debug|Any CPU
		{B9827C2E-DE71-2166-2776-2AD4AF77AEB8}.Release|Any CPU.ActiveCfg = Release|Any CPU
		{B9827C2E-DE71-2166-2776-2AD4AF77AEB8}.Release|Any CPU.Build.0 = Release|Any CPU
		{2CECE27F-1971-7ED9-1520-269133B729FD}.Debug|Any CPU.ActiveCfg = Debug|Any CPU
		{2CECE27F-1971-7ED9-1520-269133B729FD}.Debug|Any CPU.Build.0 = Debug|Any CPU
		{2CECE27F-1971-7ED9-1520-269133B729FD}.Release|Any CPU.ActiveCfg = Release|Any CPU
		{2CECE27F-1971-7ED9-1520-269133B729FD}.Release|Any CPU.Build.0 = Release|Any CPU
		{EFB3903F-8C7D-4386-AD35-33FB81B1D495}.Debug|Any CPU.ActiveCfg = Debug|Any CPU
		{EFB3903F-8C7D-4386-AD35-33FB81B1D495}.Debug|Any CPU.Build.0 = Debug|Any CPU
		{EFB3903F-8C7D-4386-AD35-33FB81B1D495}.Release|Any CPU.ActiveCfg = Release|Any CPU
		{EFB3903F-8C7D-4386-AD35-33FB81B1D495}.Release|Any CPU.Build.0 = Release|Any CPU
		{9D7440D9-0900-07D8-EA7B-9F6F411AF6C4}.Debug|Any CPU.ActiveCfg = Debug|Any CPU
		{9D7440D9-0900-07D8-EA7B-9F6F411AF6C4}.Debug|Any CPU.Build.0 = Debug|Any CPU
		{9D7440D9-0900-07D8-EA7B-9F6F411AF6C4}.Release|Any CPU.ActiveCfg = Release|Any CPU
		{9D7440D9-0900-07D8-EA7B-9F6F411AF6C4}.Release|Any CPU.Build.0 = Release|Any CPU
		{E6CCE0E0-B533-4486-A5BD-8F3D074334F8}.Debug|Any CPU.ActiveCfg = Debug|Any CPU
		{E6CCE0E0-B533-4486-A5BD-8F3D074334F8}.Debug|Any CPU.Build.0 = Debug|Any CPU
		{E6CCE0E0-B533-4486-A5BD-8F3D074334F8}.Release|Any CPU.ActiveCfg = Release|Any CPU
		{E6CCE0E0-B533-4486-A5BD-8F3D074334F8}.Release|Any CPU.Build.0 = Release|Any CPU
		{FDE1D556-C5C5-4FCD-8D80-6FCC635E64C2}.Debug|Any CPU.ActiveCfg = Debug|Any CPU
		{FDE1D556-C5C5-4FCD-8D80-6FCC635E64C2}.Debug|Any CPU.Build.0 = Debug|Any CPU
		{FDE1D556-C5C5-4FCD-8D80-6FCC635E64C2}.Release|Any CPU.ActiveCfg = Release|Any CPU
		{FDE1D556-C5C5-4FCD-8D80-6FCC635E64C2}.Release|Any CPU.Build.0 = Release|Any CPU
		{8F76846B-22E4-4C1B-9567-79939D185D11}.Debug|Any CPU.ActiveCfg = Debug|Any CPU
		{8F76846B-22E4-4C1B-9567-79939D185D11}.Debug|Any CPU.Build.0 = Debug|Any CPU
		{8F76846B-22E4-4C1B-9567-79939D185D11}.Release|Any CPU.ActiveCfg = Release|Any CPU
		{8F76846B-22E4-4C1B-9567-79939D185D11}.Release|Any CPU.Build.0 = Release|Any CPU
		{F18A84DD-487F-4712-8C4F-03FEFE033885}.Debug|Any CPU.ActiveCfg = Debug|Any CPU
		{F18A84DD-487F-4712-8C4F-03FEFE033885}.Debug|Any CPU.Build.0 = Debug|Any CPU
		{F18A84DD-487F-4712-8C4F-03FEFE033885}.Release|Any CPU.ActiveCfg = Release|Any CPU
		{F18A84DD-487F-4712-8C4F-03FEFE033885}.Release|Any CPU.Build.0 = Release|Any CPU
		{F069F7A2-F2F3-43D9-8FCC-FE599E613A82}.Debug|Any CPU.ActiveCfg = Debug|Any CPU
		{F069F7A2-F2F3-43D9-8FCC-FE599E613A82}.Debug|Any CPU.Build.0 = Debug|Any CPU
		{F069F7A2-F2F3-43D9-8FCC-FE599E613A82}.Release|Any CPU.ActiveCfg = Release|Any CPU
		{F069F7A2-F2F3-43D9-8FCC-FE599E613A82}.Release|Any CPU.Build.0 = Release|Any CPU
		{ACEC419C-82F2-4395-BEAD-7C6ADC69B1B0}.Debug|Any CPU.ActiveCfg = Debug|Any CPU
		{ACEC419C-82F2-4395-BEAD-7C6ADC69B1B0}.Debug|Any CPU.Build.0 = Debug|Any CPU
		{ACEC419C-82F2-4395-BEAD-7C6ADC69B1B0}.Release|Any CPU.ActiveCfg = Release|Any CPU
		{ACEC419C-82F2-4395-BEAD-7C6ADC69B1B0}.Release|Any CPU.Build.0 = Release|Any CPU
		{3C9BA36D-B632-4105-9946-84DE159E0F7F}.Debug|Any CPU.ActiveCfg = Debug|Any CPU
		{3C9BA36D-B632-4105-9946-84DE159E0F7F}.Debug|Any CPU.Build.0 = Debug|Any CPU
		{3C9BA36D-B632-4105-9946-84DE159E0F7F}.Release|Any CPU.ActiveCfg = Release|Any CPU
		{3C9BA36D-B632-4105-9946-84DE159E0F7F}.Release|Any CPU.Build.0 = Release|Any CPU
		{933E0392-2297-4055-93D4-C7FD6F123F49}.Debug|Any CPU.ActiveCfg = Debug|Any CPU
		{933E0392-2297-4055-93D4-C7FD6F123F49}.Debug|Any CPU.Build.0 = Debug|Any CPU
		{933E0392-2297-4055-93D4-C7FD6F123F49}.Release|Any CPU.ActiveCfg = Release|Any CPU
		{933E0392-2297-4055-93D4-C7FD6F123F49}.Release|Any CPU.Build.0 = Release|Any CPU
		{779081DF-4E3D-401C-971A-E3CB8350CEB5}.Debug|Any CPU.ActiveCfg = Debug|Any CPU
		{779081DF-4E3D-401C-971A-E3CB8350CEB5}.Debug|Any CPU.Build.0 = Debug|Any CPU
		{779081DF-4E3D-401C-971A-E3CB8350CEB5}.Release|Any CPU.ActiveCfg = Release|Any CPU
		{779081DF-4E3D-401C-971A-E3CB8350CEB5}.Release|Any CPU.Build.0 = Release|Any CPU
		{F1D2EC47-4506-4286-A08F-870529FA9184}.Debug|Any CPU.ActiveCfg = Debug|Any CPU
		{F1D2EC47-4506-4286-A08F-870529FA9184}.Debug|Any CPU.Build.0 = Debug|Any CPU
		{F1D2EC47-4506-4286-A08F-870529FA9184}.Release|Any CPU.ActiveCfg = Release|Any CPU
		{F1D2EC47-4506-4286-A08F-870529FA9184}.Release|Any CPU.Build.0 = Release|Any CPU
		{FCCB8B78-EF72-4145-9E7F-9CA72E90D7D2}.Debug|Any CPU.ActiveCfg = Debug|Any CPU
		{FCCB8B78-EF72-4145-9E7F-9CA72E90D7D2}.Debug|Any CPU.Build.0 = Debug|Any CPU
		{FCCB8B78-EF72-4145-9E7F-9CA72E90D7D2}.Release|Any CPU.ActiveCfg = Release|Any CPU
		{FCCB8B78-EF72-4145-9E7F-9CA72E90D7D2}.Release|Any CPU.Build.0 = Release|Any CPU
		{40F4DC74-A5BA-C318-267C-FE86CB7E0B2B}.Debug|Any CPU.ActiveCfg = Debug|Any CPU
		{40F4DC74-A5BA-C318-267C-FE86CB7E0B2B}.Debug|Any CPU.Build.0 = Debug|Any CPU
		{40F4DC74-A5BA-C318-267C-FE86CB7E0B2B}.Release|Any CPU.ActiveCfg = Release|Any CPU
		{40F4DC74-A5BA-C318-267C-FE86CB7E0B2B}.Release|Any CPU.Build.0 = Release|Any CPU
		{8C87A67C-09D0-42FF-9227-87B5A88C9EA1}.Debug|Any CPU.ActiveCfg = Debug|Any CPU
		{8C87A67C-09D0-42FF-9227-87B5A88C9EA1}.Debug|Any CPU.Build.0 = Debug|Any CPU
		{8C87A67C-09D0-42FF-9227-87B5A88C9EA1}.Release|Any CPU.ActiveCfg = Release|Any CPU
		{8C87A67C-09D0-42FF-9227-87B5A88C9EA1}.Release|Any CPU.Build.0 = Release|Any CPU
		{3B815C92-0E1F-4000-AAF0-C1D0FC357F0B}.Debug|Any CPU.ActiveCfg = Debug|Any CPU
		{3B815C92-0E1F-4000-AAF0-C1D0FC357F0B}.Debug|Any CPU.Build.0 = Debug|Any CPU
		{3B815C92-0E1F-4000-AAF0-C1D0FC357F0B}.Release|Any CPU.ActiveCfg = Release|Any CPU
		{3B815C92-0E1F-4000-AAF0-C1D0FC357F0B}.Release|Any CPU.Build.0 = Release|Any CPU
		{D1BA98D8-A34E-4EC3-B986-F1CE5E94040B}.Debug|Any CPU.ActiveCfg = Debug|Any CPU
		{D1BA98D8-A34E-4EC3-B986-F1CE5E94040B}.Debug|Any CPU.Build.0 = Debug|Any CPU
		{D1BA98D8-A34E-4EC3-B986-F1CE5E94040B}.Release|Any CPU.ActiveCfg = Release|Any CPU
		{D1BA98D8-A34E-4EC3-B986-F1CE5E94040B}.Release|Any CPU.Build.0 = Release|Any CPU
		{83F3FE42-1A35-460B-9718-B239E5516C00}.Debug|Any CPU.ActiveCfg = Debug|Any CPU
		{83F3FE42-1A35-460B-9718-B239E5516C00}.Debug|Any CPU.Build.0 = Debug|Any CPU
		{83F3FE42-1A35-460B-9718-B239E5516C00}.Release|Any CPU.ActiveCfg = Release|Any CPU
		{83F3FE42-1A35-460B-9718-B239E5516C00}.Release|Any CPU.Build.0 = Release|Any CPU
		{6CE74CFD-15E9-4E08-9925-7291F7A8A790}.Debug|Any CPU.ActiveCfg = Debug|Any CPU
		{6CE74CFD-15E9-4E08-9925-7291F7A8A790}.Debug|Any CPU.Build.0 = Debug|Any CPU
		{6CE74CFD-15E9-4E08-9925-7291F7A8A790}.Release|Any CPU.ActiveCfg = Release|Any CPU
		{6CE74CFD-15E9-4E08-9925-7291F7A8A790}.Release|Any CPU.Build.0 = Release|Any CPU
		{4C83F259-4CFF-4DF3-8781-B782DC3B9283}.Debug|Any CPU.ActiveCfg = Debug|Any CPU
		{4C83F259-4CFF-4DF3-8781-B782DC3B9283}.Debug|Any CPU.Build.0 = Debug|Any CPU
		{4C83F259-4CFF-4DF3-8781-B782DC3B9283}.Release|Any CPU.ActiveCfg = Release|Any CPU
		{4C83F259-4CFF-4DF3-8781-B782DC3B9283}.Release|Any CPU.Build.0 = Release|Any CPU
		{5F7DDE74-64D0-4722-9D82-6C84253B660E}.Debug|Any CPU.ActiveCfg = Debug|Any CPU
		{5F7DDE74-64D0-4722-9D82-6C84253B660E}.Debug|Any CPU.Build.0 = Debug|Any CPU
		{5F7DDE74-64D0-4722-9D82-6C84253B660E}.Release|Any CPU.ActiveCfg = Release|Any CPU
		{5F7DDE74-64D0-4722-9D82-6C84253B660E}.Release|Any CPU.Build.0 = Release|Any CPU
	EndGlobalSection
	GlobalSection(SolutionProperties) = preSolution
		HideSolutionNode = FALSE
	EndGlobalSection
	GlobalSection(NestedProjects) = preSolution
		{32789216-1C80-41A4-A880-70192605D6D6} = {02EA681E-C7D8-13C7-8484-4AC65E1B71E8}
		{C0A226F4-5C97-57B0-11A4-EDBD1F220A63} = {32789216-1C80-41A4-A880-70192605D6D6}
		{A04F7532-DDC6-087B-0E30-3A62F24BD651} = {32789216-1C80-41A4-A880-70192605D6D6}
		{17C31BB1-37FF-DAF1-8599-994DFAA806F5} = {32789216-1C80-41A4-A880-70192605D6D6}
		{CCCF965A-1A1E-93CC-C77D-52875F9D1CC8} = {32789216-1C80-41A4-A880-70192605D6D6}
		{329ACE79-D979-BAE8-DD90-17E7C67A3545} = {32789216-1C80-41A4-A880-70192605D6D6}
		{B9827C2E-DE71-2166-2776-2AD4AF77AEB8} = {32789216-1C80-41A4-A880-70192605D6D6}
		{5013F023-55B1-4DB7-B08E-AD2D887966E3} = {02EA681E-C7D8-13C7-8484-4AC65E1B71E8}
		{2CECE27F-1971-7ED9-1520-269133B729FD} = {5013F023-55B1-4DB7-B08E-AD2D887966E3}
		{EFB3903F-8C7D-4386-AD35-33FB81B1D495} = {5013F023-55B1-4DB7-B08E-AD2D887966E3}
		{9D7440D9-0900-07D8-EA7B-9F6F411AF6C4} = {99EBE5BF-F2C7-4AB4-96CD-985D441D716F}
		{E6CCE0E0-B533-4486-A5BD-8F3D074334F8} = {99EBE5BF-F2C7-4AB4-96CD-985D441D716F}
		{FDE1D556-C5C5-4FCD-8D80-6FCC635E64C2} = {B62E63B9-D479-4227-B683-A52A8CF11F84}
		{B62E63B9-D479-4227-B683-A52A8CF11F84} = {02EA681E-C7D8-13C7-8484-4AC65E1B71E8}
		{8F76846B-22E4-4C1B-9567-79939D185D11} = {B62E63B9-D479-4227-B683-A52A8CF11F84}
		{F18A84DD-487F-4712-8C4F-03FEFE033885} = {B62E63B9-D479-4227-B683-A52A8CF11F84}
		{F069F7A2-F2F3-43D9-8FCC-FE599E613A82} = {99EBE5BF-F2C7-4AB4-96CD-985D441D716F}
		{ACEC419C-82F2-4395-BEAD-7C6ADC69B1B0} = {99EBE5BF-F2C7-4AB4-96CD-985D441D716F}
		{3C9BA36D-B632-4105-9946-84DE159E0F7F} = {99EBE5BF-F2C7-4AB4-96CD-985D441D716F}
		{933E0392-2297-4055-93D4-C7FD6F123F49} = {E81EFD2B-C76B-4FE8-B794-51221148F4A6}
		{E81EFD2B-C76B-4FE8-B794-51221148F4A6} = {99EBE5BF-F2C7-4AB4-96CD-985D441D716F}
		{779081DF-4E3D-401C-971A-E3CB8350CEB5} = {E81EFD2B-C76B-4FE8-B794-51221148F4A6}
		{F1D2EC47-4506-4286-A08F-870529FA9184} = {E81EFD2B-C76B-4FE8-B794-51221148F4A6}
		{FCCB8B78-EF72-4145-9E7F-9CA72E90D7D2} = {E81EFD2B-C76B-4FE8-B794-51221148F4A6}
		{9470D37E-74CF-4983-A956-C966F49C043B} = {5BCDAC86-A5B5-4ED9-9730-54C6406D62C6}
		{72960568-0338-4993-8BB7-BBDDD1FC3A04} = {5BCDAC86-A5B5-4ED9-9730-54C6406D62C6}
		{E2FA6993-C4E3-49B1-9503-64D0FA68D0E9} = {5BCDAC86-A5B5-4ED9-9730-54C6406D62C6}
		{40F4DC74-A5BA-C318-267C-FE86CB7E0B2B} = {72960568-0338-4993-8BB7-BBDDD1FC3A04}
		{8C87A67C-09D0-42FF-9227-87B5A88C9EA1} = {72960568-0338-4993-8BB7-BBDDD1FC3A04}
		{3B815C92-0E1F-4000-AAF0-C1D0FC357F0B} = {72960568-0338-4993-8BB7-BBDDD1FC3A04}
		{D1BA98D8-A34E-4EC3-B986-F1CE5E94040B} = {E2FA6993-C4E3-49B1-9503-64D0FA68D0E9}
		{83F3FE42-1A35-460B-9718-B239E5516C00} = {9470D37E-74CF-4983-A956-C966F49C043B}
		{6CE74CFD-15E9-4E08-9925-7291F7A8A790} = {9470D37E-74CF-4983-A956-C966F49C043B}
		{D489792C-4634-4CA4-B965-C219C4DE51A0} = {99EBE5BF-F2C7-4AB4-96CD-985D441D716F}
		{4C83F259-4CFF-4DF3-8781-B782DC3B9283} = {D489792C-4634-4CA4-B965-C219C4DE51A0}
		{5F7DDE74-64D0-4722-9D82-6C84253B660E} = {5013F023-55B1-4DB7-B08E-AD2D887966E3}
	EndGlobalSection
	GlobalSection(ExtensibilityGlobals) = postSolution
		SolutionGuid = {3CB03273-0C93-40C4-9D95-14BFDB053E72}
	EndGlobalSection
EndGlobal
